// !$*UTF8*$!
{
	archiveVersion = 1;
	classes = {
	};
	objectVersion = 46;
	objects = {

/* Begin PBXBuildFile section */
		F47521761C9A033400D39FBC /* AppDelegate.swift in Sources */ = {isa = PBXBuildFile; fileRef = F47521751C9A033400D39FBC /* AppDelegate.swift */; };
		F47521781C9A033400D39FBC /* ViewController.swift in Sources */ = {isa = PBXBuildFile; fileRef = F47521771C9A033400D39FBC /* ViewController.swift */; };
		F475217B1C9A033400D39FBC /* Main.storyboard in Resources */ = {isa = PBXBuildFile; fileRef = F47521791C9A033400D39FBC /* Main.storyboard */; };
		F475217E1C9A033400D39FBC /* _99challenge.xcdatamodeld in Sources */ = {isa = PBXBuildFile; fileRef = F475217C1C9A033400D39FBC /* _99challenge.xcdatamodeld */; };
		F47521801C9A033400D39FBC /* Assets.xcassets in Resources */ = {isa = PBXBuildFile; fileRef = F475217F1C9A033400D39FBC /* Assets.xcassets */; };
		F47521831C9A033400D39FBC /* LaunchScreen.storyboard in Resources */ = {isa = PBXBuildFile; fileRef = F47521811C9A033400D39FBC /* LaunchScreen.storyboard */; };
/* End PBXBuildFile section */

/* Begin PBXFileReference section */
		F47521721C9A033400D39FBC /* 999challenge.app */ = {isa = PBXFileReference; explicitFileType = wrapper.application; includeInIndex = 0; path = 999challenge.app; sourceTree = BUILT_PRODUCTS_DIR; };
		F47521751C9A033400D39FBC /* AppDelegate.swift */ = {isa = PBXFileReference; lastKnownFileType = sourcecode.swift; path = AppDelegate.swift; sourceTree = "<group>"; };
		F47521771C9A033400D39FBC /* ViewController.swift */ = {isa = PBXFileReference; lastKnownFileType = sourcecode.swift; path = ViewController.swift; sourceTree = "<group>"; };
		F475217A1C9A033400D39FBC /* Base */ = {isa = PBXFileReference; lastKnownFileType = file.storyboard; name = Base; path = Base.lproj/Main.storyboard; sourceTree = "<group>"; };
		F475217D1C9A033400D39FBC /* _99challenge.xcdatamodel */ = {isa = PBXFileReference; lastKnownFileType = wrapper.xcdatamodel; path = _99challenge.xcdatamodel; sourceTree = "<group>"; };
		F475217F1C9A033400D39FBC /* Assets.xcassets */ = {isa = PBXFileReference; lastKnownFileType = folder.assetcatalog; path = Assets.xcassets; sourceTree = "<group>"; };
		F47521821C9A033400D39FBC /* Base */ = {isa = PBXFileReference; lastKnownFileType = file.storyboard; name = Base; path = Base.lproj/LaunchScreen.storyboard; sourceTree = "<group>"; };
		F47521841C9A033400D39FBC /* Info.plist */ = {isa = PBXFileReference; lastKnownFileType = text.plist.xml; path = Info.plist; sourceTree = "<group>"; };
/* End PBXFileReference section */

/* Begin PBXFrameworksBuildPhase section */
		F475216F1C9A033400D39FBC /* Frameworks */ = {
			isa = PBXFrameworksBuildPhase;
			buildActionMask = 2147483647;
			files = (
			);
			runOnlyForDeploymentPostprocessing = 0;
		};
/* End PBXFrameworksBuildPhase section */

/* Begin PBXGroup section */
		F47521691C9A033400D39FBC = {
			isa = PBXGroup;
			children = (
				F47521741C9A033400D39FBC /* 999challenge */,
				F47521731C9A033400D39FBC /* Products */,
			);
			sourceTree = "<group>";
		};
		F47521731C9A033400D39FBC /* Products */ = {
			isa = PBXGroup;
			children = (
				F47521721C9A033400D39FBC /* 999challenge.app */,
			);
			name = Products;
			sourceTree = "<group>";
		};
		F47521741C9A033400D39FBC /* 999challenge */ = {
			isa = PBXGroup;
			children = (
				F47521751C9A033400D39FBC /* AppDelegate.swift */,
				F47521771C9A033400D39FBC /* ViewController.swift */,
				F47521791C9A033400D39FBC /* Main.storyboard */,
				F475217F1C9A033400D39FBC /* Assets.xcassets */,
				F47521811C9A033400D39FBC /* LaunchScreen.storyboard */,
				F47521841C9A033400D39FBC /* Info.plist */,
				F475217C1C9A033400D39FBC /* _99challenge.xcdatamodeld */,
			);
			path = 999challenge;
			sourceTree = "<group>";
		};
/* End PBXGroup section */

/* Begin PBXNativeTarget section */
		F47521711C9A033400D39FBC /* 999challenge */ = {
			isa = PBXNativeTarget;
			buildConfigurationList = F47521871C9A033400D39FBC /* Build configuration list for PBXNativeTarget "999challenge" */;
			buildPhases = (
				F475216E1C9A033400D39FBC /* Sources */,
				F475216F1C9A033400D39FBC /* Frameworks */,
				F47521701C9A033400D39FBC /* Resources */,
			);
			buildRules = (
			);
			dependencies = (
			);
			name = 999challenge;
			productName = 999challenge;
			productReference = F47521721C9A033400D39FBC /* 999challenge.app */;
			productType = "com.apple.product-type.application";
		};
/* End PBXNativeTarget section */

/* Begin PBXProject section */
		F475216A1C9A033400D39FBC /* Project object */ = {
			isa = PBXProject;
			attributes = {
				LastSwiftUpdateCheck = 0720;
				LastUpgradeCheck = 0720;
				ORGANIZATIONNAME = haloApps;
				TargetAttributes = {
					F47521711C9A033400D39FBC = {
						CreatedOnToolsVersion = 7.2.1;
					};
				};
			};
			buildConfigurationList = F475216D1C9A033400D39FBC /* Build configuration list for PBXProject "999challenge" */;
			compatibilityVersion = "Xcode 3.2";
			developmentRegion = English;
			hasScannedForEncodings = 0;
			knownRegions = (
				en,
				Base,
			);
			mainGroup = F47521691C9A033400D39FBC;
			productRefGroup = F47521731C9A033400D39FBC /* Products */;
			projectDirPath = "";
			projectRoot = "";
			targets = (
				F47521711C9A033400D39FBC /* 999challenge */,
			);
		};
/* End PBXProject section */

/* Begin PBXResourcesBuildPhase section */
		F47521701C9A033400D39FBC /* Resources */ = {
			isa = PBXResourcesBuildPhase;
			buildActionMask = 2147483647;
			files = (
				F47521831C9A033400D39FBC /* LaunchScreen.storyboard in Resources */,
				F47521801C9A033400D39FBC /* Assets.xcassets in Resources */,
				F475217B1C9A033400D39FBC /* Main.storyboard in Resources */,
			);
			runOnlyForDeploymentPostprocessing = 0;
		};
/* End PBXResourcesBuildPhase section */

/* Begin PBXSourcesBuildPhase section */
		F475216E1C9A033400D39FBC /* Sources */ = {
			isa = PBXSourcesBuildPhase;
			buildActionMask = 2147483647;
			files = (
				F47521781C9A033400D39FBC /* ViewController.swift in Sources */,
				F47521761C9A033400D39FBC /* AppDelegate.swift in Sources */,
				F475217E1C9A033400D39FBC /* _99challenge.xcdatamodeld in Sources */,
			);
			runOnlyForDeploymentPostprocessing = 0;
		};
/* End PBXSourcesBuildPhase section */

/* Begin PBXVariantGroup section */
		F47521791C9A033400D39FBC /* Main.storyboard */ = {
			isa = PBXVariantGroup;
			children = (
				F475217A1C9A033400D39FBC /* Base */,
			);
			name = Main.storyboard;
			sourceTree = "<group>";
		};
		F47521811C9A033400D39FBC /* LaunchScreen.storyboard */ = {
			isa = PBXVariantGroup;
			children = (
				F47521821C9A033400D39FBC /* Base */,
			);
			name = LaunchScreen.storyboard;
			sourceTree = "<group>";
		};
/* End PBXVariantGroup section */

/* Begin XCBuildConfiguration section */
		F47521851C9A033400D39FBC /* Debug */ = {
			isa = XCBuildConfiguration;
			buildSettings = {
				ALWAYS_SEARCH_USER_PATHS = NO;
				CLANG_CXX_LANGUAGE_STANDARD = "gnu++0x";
				CLANG_CXX_LIBRARY = "libc++";
				CLANG_ENABLE_MODULES = YES;
				CLANG_ENABLE_OBJC_ARC = YES;
				CLANG_WARN_BOOL_CONVERSION = YES;
				CLANG_WARN_CONSTANT_CONVERSION = YES;
				CLANG_WARN_DIRECT_OBJC_ISA_USAGE = YES_ERROR;
				CLANG_WARN_EMPTY_BODY = YES;
				CLANG_WARN_ENUM_CONVERSION = YES;
				CLANG_WARN_INT_CONVERSION = YES;
				CLANG_WARN_OBJC_ROOT_CLASS = YES_ERROR;
				CLANG_WARN_UNREACHABLE_CODE = YES;
				CLANG_WARN__DUPLICATE_METHOD_MATCH = YES;
				"CODE_SIGN_IDENTITY[sdk=iphoneos*]" = "iPhone Developer";
				COPY_PHASE_STRIP = NO;
				DEBUG_INFORMATION_FORMAT = dwarf;
				ENABLE_STRICT_OBJC_MSGSEND = YES;
				ENABLE_TESTABILITY = YES;
				GCC_C_LANGUAGE_STANDARD = gnu99;
				GCC_DYNAMIC_NO_PIC = NO;
				GCC_NO_COMMON_BLOCKS = YES;
				GCC_OPTIMIZATION_LEVEL = 0;
				GCC_PREPROCESSOR_DEFINITIONS = (
					"DEBUG=1",
					"$(inherited)",
				);
				GCC_WARN_64_TO_32_BIT_CONVERSION = YES;
				GCC_WARN_ABOUT_RETURN_TYPE = YES_ERROR;
				GCC_WARN_UNDECLARED_SELECTOR = YES;
				GCC_WARN_UNINITIALIZED_AUTOS = YES_AGGRESSIVE;
				GCC_WARN_UNUSED_FUNCTION = YES;
				GCC_WARN_UNUSED_VARIABLE = YES;
				IPHONEOS_DEPLOYMENT_TARGET = 9.2;
				MTL_ENABLE_DEBUG_INFO = YES;
				ONLY_ACTIVE_ARCH = YES;
				SDKROOT = iphoneos;
				SWIFT_OPTIMIZATION_LEVEL = "-Onone";
				TARGETED_DEVICE_FAMILY = "1,2";
			};
			name = Debug;
		};
		F47521861C9A033400D39FBC /* Release */ = {
			isa = XCBuildConfiguration;
			buildSettings = {
				ALWAYS_SEARCH_USER_PATHS = NO;
				CLANG_CXX_LANGUAGE_STANDARD = "gnu++0x";
				CLANG_CXX_LIBRARY = "libc++";
				CLANG_ENABLE_MODULES = YES;
				CLANG_ENABLE_OBJC_ARC = YES;
				CLANG_WARN_BOOL_CONVERSION = YES;
				CLANG_WARN_CONSTANT_CONVERSION = YES;
				CLANG_WARN_DIRECT_OBJC_ISA_USAGE = YES_ERROR;
				CLANG_WARN_EMPTY_BODY = YES;
				CLANG_WARN_ENUM_CONVERSION = YES;
				CLANG_WARN_INT_CONVERSION = YES;
				CLANG_WARN_OBJC_ROOT_CLASS = YES_ERROR;
				CLANG_WARN_UNREACHABLE_CODE = YES;
				CLANG_WARN__DUPLICATE_METHOD_MATCH = YES;
				"CODE_SIGN_IDENTITY[sdk=iphoneos*]" = "iPhone Developer";
				COPY_PHASE_STRIP = NO;
				DEBUG_INFORMATION_FORMAT = "dwarf-with-dsym";
				ENABLE_NS_ASSERTIONS = NO;
				ENABLE_STRICT_OBJC_MSGSEND = YES;
				GCC_C_LANGUAGE_STANDARD = gnu99;
				GCC_NO_COMMON_BLOCKS = YES;
				GCC_WARN_64_TO_32_BIT_CONVERSION = YES;
				GCC_WARN_ABOUT_RETURN_TYPE = YES_ERROR;
				GCC_WARN_UNDECLARED_SELECTOR = YES;
				GCC_WARN_UNINITIALIZED_AUTOS = YES_AGGRESSIVE;
				GCC_WARN_UNUSED_FUNCTION = YES;
				GCC_WARN_UNUSED_VARIABLE = YES;
				IPHONEOS_DEPLOYMENT_TARGET = 9.2;
				MTL_ENABLE_DEBUG_INFO = NO;
				SDKROOT = iphoneos;
				TARGETED_DEVICE_FAMILY = "1,2";
				VALIDATE_PRODUCT = YES;
			};
			name = Release;
		};
		F47521881C9A033400D39FBC /* Debug */ = {
			isa = XCBuildConfiguration;
			buildSettings = {
				ASSETCATALOG_COMPILER_APPICON_NAME = AppIcon;
				INFOPLIST_FILE = 999challenge/Info.plist;
				LD_RUNPATH_SEARCH_PATHS = "$(inherited) @executable_path/Frameworks";
				PRODUCT_BUNDLE_IDENTIFIER = "com.haloApps.-99challenge";
				PRODUCT_NAME = "$(TARGET_NAME)";
			};
			name = Debug;
		};
		F47521891C9A033400D39FBC /* Release */ = {
			isa = XCBuildConfiguration;
			buildSettings = {
				ASSETCATALOG_COMPILER_APPICON_NAME = AppIcon;
				INFOPLIST_FILE = 999challenge/Info.plist;
				LD_RUNPATH_SEARCH_PATHS = "$(inherited) @executable_path/Frameworks";
				PRODUCT_BUNDLE_IDENTIFIER = "com.haloApps.-99challenge";
				PRODUCT_NAME = "$(TARGET_NAME)";
			};
			name = Release;
		};
/* End XCBuildConfiguration section */

/* Begin XCConfigurationList section */
		F475216D1C9A033400D39FBC /* Build configuration list for PBXProject "999challenge" */ = {
			isa = XCConfigurationList;
			buildConfigurations = (
				F47521851C9A033400D39FBC /* Debug */,
				F47521861C9A033400D39FBC /* Release */,
			);
			defaultConfigurationIsVisible = 0;
			defaultConfigurationName = Release;
		};
		F47521871C9A033400D39FBC /* Build configuration list for PBXNativeTarget "999challenge" */ = {
			isa = XCConfigurationList;
			buildConfigurations = (
				F47521881C9A033400D39FBC /* Debug */,
				F47521891C9A033400D39FBC /* Release */,
			);
			defaultConfigurationIsVisible = 0;
		};
/* End XCConfigurationList section */

/* Begin XCVersionGroup section */
		F475217C1C9A033400D39FBC /* _99challenge.xcdatamodeld */ = {
			isa = XCVersionGroup;
			children = (
				F475217D1C9A033400D39FBC /* _99challenge.xcdatamodel */,
			);
			currentVersion = F475217D1C9A033400D39FBC /* _99challenge.xcdatamodel */;
			path = _99challenge.xcdatamodeld;
			sourceTree = "<group>";
			versionGroupType = wrapper.xcdatamodel;
		};
/* End XCVersionGroup section */
	};
	rootObject = F475216A1C9A033400D39FBC /* Project object */;
}
